// !$*UTF8*$!
{
	archiveVersion = 1;
	classes = {
	};
	objectVersion = 51;
	objects = {

/* Begin PBXBuildFile section */
		01978324260E097C00B2FE85 /* ReviewView.xib in Resources */ = {isa = PBXBuildFile; fileRef = 01978323260E097C00B2FE85 /* ReviewView.xib */; };
		01978328260E099000B2FE85 /* ReviewView.swift in Sources */ = {isa = PBXBuildFile; fileRef = 01978327260E099000B2FE85 /* ReviewView.swift */; };
		01978363260E39C500B2FE85 /* UIViewController+KeyboardDismiss.swift in Sources */ = {isa = PBXBuildFile; fileRef = 01978362260E39C500B2FE85 /* UIViewController+KeyboardDismiss.swift */; };
		01978368260E3BE200B2FE85 /* PostReview.swift in Sources */ = {isa = PBXBuildFile; fileRef = 01978367260E3BE200B2FE85 /* PostReview.swift */; };
		0197837E260E787100B2FE85 /* Localizable.strings in Resources */ = {isa = PBXBuildFile; fileRef = 0197837D260E787100B2FE85 /* Localizable.strings */; };
		01978383260E79C600B2FE85 /* String+localized.swift in Sources */ = {isa = PBXBuildFile; fileRef = 01978382260E79C600B2FE85 /* String+localized.swift */; };
		01978389260E7FD300B2FE85 /* UIViewController+Alert.swift in Sources */ = {isa = PBXBuildFile; fileRef = 01978388260E7FD300B2FE85 /* UIViewController+Alert.swift */; };
		01978398260EB40D00B2FE85 /* AdiChallengeProductDetailsUITests.swift in Sources */ = {isa = PBXBuildFile; fileRef = 01978397260EB40D00B2FE85 /* AdiChallengeProductDetailsUITests.swift */; };
		01A121B0260F813500D5AC7D /* MockedHomeRepository.swift in Sources */ = {isa = PBXBuildFile; fileRef = 01A121AF260F813500D5AC7D /* MockedHomeRepository.swift */; };
		01A121B8260F848100D5AC7D /* MockedRequestFactory.swift in Sources */ = {isa = PBXBuildFile; fileRef = 01A121B7260F848100D5AC7D /* MockedRequestFactory.swift */; };
		01A121BF260F864000D5AC7D /* ValidAdiProducts.json in Resources */ = {isa = PBXBuildFile; fileRef = 01A121BE260F864000D5AC7D /* ValidAdiProducts.json */; };
		01A121C6260F8C6700D5AC7D /* InvalidAdiProducts.json in Resources */ = {isa = PBXBuildFile; fileRef = 01A121C5260F8C6700D5AC7D /* InvalidAdiProducts.json */; };
		01A121D4260F99AA00D5AC7D /* ValidPostReviewResponse.json in Resources */ = {isa = PBXBuildFile; fileRef = 01A121D3260F99AA00D5AC7D /* ValidPostReviewResponse.json */; };
		01A121DA260F99DB00D5AC7D /* InvalidPostReviewResponse.json in Resources */ = {isa = PBXBuildFile; fileRef = 01A121D9260F99DB00D5AC7D /* InvalidPostReviewResponse.json */; };
		01A121DE260F9A3E00D5AC7D /* MockedPostReview.swift in Sources */ = {isa = PBXBuildFile; fileRef = 01A121DD260F9A3E00D5AC7D /* MockedPostReview.swift */; };
		01A121E2260F9ABD00D5AC7D /* AdiProductDetailsViewModelTests.swift in Sources */ = {isa = PBXBuildFile; fileRef = 01A121E1260F9ABD00D5AC7D /* AdiProductDetailsViewModelTests.swift */; };
		01A121FB260FD1AC00D5AC7D /* GoogleService-Info.plist in Resources */ = {isa = PBXBuildFile; fileRef = 01A121F8260FD1AC00D5AC7D /* GoogleService-Info.plist */; };
		01A12220260FE5BE00D5AC7D /* CrashlyticsLogger.swift in Sources */ = {isa = PBXBuildFile; fileRef = 01A1221F260FE5BE00D5AC7D /* CrashlyticsLogger.swift */; };
		01A8FAF5260CF867000CE4FB /* AppDelegate.swift in Sources */ = {isa = PBXBuildFile; fileRef = 01A8FAF4260CF867000CE4FB /* AppDelegate.swift */; };
		01A8FAFE260CF868000CE4FB /* Assets.xcassets in Resources */ = {isa = PBXBuildFile; fileRef = 01A8FAFD260CF868000CE4FB /* Assets.xcassets */; };
		01A8FB01260CF868000CE4FB /* LaunchScreen.storyboard in Resources */ = {isa = PBXBuildFile; fileRef = 01A8FAFF260CF868000CE4FB /* LaunchScreen.storyboard */; };
		01A8FB0C260CF869000CE4FB /* AdiChallengeHomeViewModelTests.swift in Sources */ = {isa = PBXBuildFile; fileRef = 01A8FB0B260CF869000CE4FB /* AdiChallengeHomeViewModelTests.swift */; };
		01A8FB17260CF869000CE4FB /* AdiChallengeHomeScreenUITests.swift in Sources */ = {isa = PBXBuildFile; fileRef = 01A8FB16260CF869000CE4FB /* AdiChallengeHomeScreenUITests.swift */; };
		01A8FB53260CFBBB000CE4FB /* NetworkLayer.framework in Frameworks */ = {isa = PBXBuildFile; fileRef = 01A8FB4A260CFBA9000CE4FB /* NetworkLayer.framework */; };
		01A8FB54260CFBBB000CE4FB /* NetworkLayer.framework in Embed Frameworks */ = {isa = PBXBuildFile; fileRef = 01A8FB4A260CFBA9000CE4FB /* NetworkLayer.framework */; settings = {ATTRIBUTES = (CodeSignOnCopy, RemoveHeadersOnCopy, ); }; };
		01A8FB81260D01A4000CE4FB /* Coordinator.swift in Sources */ = {isa = PBXBuildFile; fileRef = 01A8FB80260D01A4000CE4FB /* Coordinator.swift */; };
		01A8FB88260D01E0000CE4FB /* AppCoordinator.swift in Sources */ = {isa = PBXBuildFile; fileRef = 01A8FB87260D01E0000CE4FB /* AppCoordinator.swift */; };
		01A8FB9D260D0282000CE4FB /* MainScreenCoordinator.swift in Sources */ = {isa = PBXBuildFile; fileRef = 01A8FB9C260D0282000CE4FB /* MainScreenCoordinator.swift */; };
		01A8FBA3260D02CD000CE4FB /* ProductDetailsCoordinator.swift in Sources */ = {isa = PBXBuildFile; fileRef = 01A8FBA2260D02CD000CE4FB /* ProductDetailsCoordinator.swift */; };
		01A8FBA7260D0326000CE4FB /* AdiNavigationBar.swift in Sources */ = {isa = PBXBuildFile; fileRef = 01A8FBA6260D0326000CE4FB /* AdiNavigationBar.swift */; };
		01A8FBB1260D0531000CE4FB /* MainScreenBuilder.swift in Sources */ = {isa = PBXBuildFile; fileRef = 01A8FBB0260D0531000CE4FB /* MainScreenBuilder.swift */; };
		01A8FBBA260D05CA000CE4FB /* ProductDetailsBuilder.swift in Sources */ = {isa = PBXBuildFile; fileRef = 01A8FBB9260D05CA000CE4FB /* ProductDetailsBuilder.swift */; };
		01A8FBC3260D07EA000CE4FB /* Constants.swift in Sources */ = {isa = PBXBuildFile; fileRef = 01A8FBC2260D07EA000CE4FB /* Constants.swift */; };
		01A8FBD6260D0EAE000CE4FB /* AdiImageView.swift in Sources */ = {isa = PBXBuildFile; fileRef = 01A8FBD5260D0EAE000CE4FB /* AdiImageView.swift */; };
		01A8FBE0260D1251000CE4FB /* AdiHomeViewController.swift in Sources */ = {isa = PBXBuildFile; fileRef = 01A8FBDE260D1251000CE4FB /* AdiHomeViewController.swift */; };
		01A8FBE1260D1251000CE4FB /* AdiHomeViewController.xib in Resources */ = {isa = PBXBuildFile; fileRef = 01A8FBDF260D1251000CE4FB /* AdiHomeViewController.xib */; };
		01A8FBE7260D12A5000CE4FB /* AdiHomeViewModel.swift in Sources */ = {isa = PBXBuildFile; fileRef = 01A8FBE6260D12A5000CE4FB /* AdiHomeViewModel.swift */; };
		01A8FBEB260D1AD9000CE4FB /* Binder.swift in Sources */ = {isa = PBXBuildFile; fileRef = 01A8FBEA260D1AD9000CE4FB /* Binder.swift */; };
		01A8FBF0260D2297000CE4FB /* Product.swift in Sources */ = {isa = PBXBuildFile; fileRef = 01A8FBEF260D2297000CE4FB /* Product.swift */; };
		01A8FC03260D2613000CE4FB /* HomeProductTableViewCell.swift in Sources */ = {isa = PBXBuildFile; fileRef = 01A8FC01260D2613000CE4FB /* HomeProductTableViewCell.swift */; };
		01A8FC04260D2613000CE4FB /* HomeProductTableViewCell.xib in Resources */ = {isa = PBXBuildFile; fileRef = 01A8FC02260D2613000CE4FB /* HomeProductTableViewCell.xib */; };
		01A8FC09260D2832000CE4FB /* UITableView+Register..swift in Sources */ = {isa = PBXBuildFile; fileRef = 01A8FC08260D2832000CE4FB /* UITableView+Register..swift */; };
		01A8FC21260D2DCC000CE4FB /* HomeRepository.swift in Sources */ = {isa = PBXBuildFile; fileRef = 01A8FC20260D2DCC000CE4FB /* HomeRepository.swift */; };
		01A8FC25260D2EB3000CE4FB /* RequestFactory.swift in Sources */ = {isa = PBXBuildFile; fileRef = 01A8FC24260D2EB3000CE4FB /* RequestFactory.swift */; };
		01A8FC2A260D2F04000CE4FB /* RemoteHomeDataSource.swift in Sources */ = {isa = PBXBuildFile; fileRef = 01A8FC29260D2F04000CE4FB /* RemoteHomeDataSource.swift */; };
		01A8FC35260D3743000CE4FB /* ProductDetailsViewController.swift in Sources */ = {isa = PBXBuildFile; fileRef = 01A8FC33260D3743000CE4FB /* ProductDetailsViewController.swift */; };
		01A8FC36260D3743000CE4FB /* ProductDetailsViewController.xib in Resources */ = {isa = PBXBuildFile; fileRef = 01A8FC34260D3743000CE4FB /* ProductDetailsViewController.xib */; };
		01A8FC3E260D3C7A000CE4FB /* ProductDetailsHeaderView.swift in Sources */ = {isa = PBXBuildFile; fileRef = 01A8FC3D260D3C7A000CE4FB /* ProductDetailsHeaderView.swift */; };
		01A8FC44260D3C86000CE4FB /* ProductDetailsHeaderView.xib in Resources */ = {isa = PBXBuildFile; fileRef = 01A8FC43260D3C86000CE4FB /* ProductDetailsHeaderView.xib */; };
		01A8FC4B260D4380000CE4FB /* ZoomTransitionAnimating.swift in Sources */ = {isa = PBXBuildFile; fileRef = 01A8FC4A260D4380000CE4FB /* ZoomTransitionAnimating.swift */; };
		01A8FC51260D438A000CE4FB /* ZoomTransitionAnimator.swift in Sources */ = {isa = PBXBuildFile; fileRef = 01A8FC50260D438A000CE4FB /* ZoomTransitionAnimator.swift */; };
		01A8FC5D260D5160000CE4FB /* ProductReviewsHeaderView.xib in Resources */ = {isa = PBXBuildFile; fileRef = 01A8FC5C260D515F000CE4FB /* ProductReviewsHeaderView.xib */; };
		01A8FC63260D516D000CE4FB /* ProductReviewsHeaderView.swift in Sources */ = {isa = PBXBuildFile; fileRef = 01A8FC62260D516D000CE4FB /* ProductReviewsHeaderView.swift */; };
		01A8FC6F260D62D5000CE4FB /* ProductReviewTableViewCell.swift in Sources */ = {isa = PBXBuildFile; fileRef = 01A8FC6D260D62D5000CE4FB /* ProductReviewTableViewCell.swift */; };
		01A8FC70260D62D5000CE4FB /* ProductReviewTableViewCell.xib in Resources */ = {isa = PBXBuildFile; fileRef = 01A8FC6E260D62D5000CE4FB /* ProductReviewTableViewCell.xib */; };
		01A8FC77260D644B000CE4FB /* ProductDetailsViewModel.swift in Sources */ = {isa = PBXBuildFile; fileRef = 01A8FC76260D644B000CE4FB /* ProductDetailsViewModel.swift */; };
		01A8FC7B260D726C000CE4FB /* ProductPresentationModel.swift in Sources */ = {isa = PBXBuildFile; fileRef = 01A8FC7A260D726C000CE4FB /* ProductPresentationModel.swift */; };
		083B432413521ADB01F6AB09 /* Pods_AdiChallenge_AdiChallengeUITests.framework in Frameworks */ = {isa = PBXBuildFile; fileRef = CDE8DDFF68A1948196F0B678 /* Pods_AdiChallenge_AdiChallengeUITests.framework */; };
		52C9499F3225B06DA723CC3A /* Pods_AdiChallengeTests.framework in Frameworks */ = {isa = PBXBuildFile; fileRef = D508E2CD1704B53AD38ED037 /* Pods_AdiChallengeTests.framework */; };
		EF147DA2C0B69905D96AE370 /* Pods_AdiChallenge.framework in Frameworks */ = {isa = PBXBuildFile; fileRef = 2152897293CE218866D4D3EE /* Pods_AdiChallenge.framework */; };
/* End PBXBuildFile section */

/* Begin PBXContainerItemProxy section */
		01A8FB08260CF869000CE4FB /* PBXContainerItemProxy */ = {
			isa = PBXContainerItemProxy;
			containerPortal = 01A8FAE9260CF866000CE4FB /* Project object */;
			proxyType = 1;
			remoteGlobalIDString = 01A8FAF0260CF867000CE4FB;
			remoteInfo = AdiChallenge;
		};
		01A8FB13260CF869000CE4FB /* PBXContainerItemProxy */ = {
			isa = PBXContainerItemProxy;
			containerPortal = 01A8FAE9260CF866000CE4FB /* Project object */;
			proxyType = 1;
			remoteGlobalIDString = 01A8FAF0260CF867000CE4FB;
			remoteInfo = AdiChallenge;
		};
		01A8FB49260CFBA9000CE4FB /* PBXContainerItemProxy */ = {
			isa = PBXContainerItemProxy;
			containerPortal = 01A8FB44260CFBA9000CE4FB /* NetworkLayer.xcodeproj */;
			proxyType = 2;
			remoteGlobalIDString = 01C867D625C4798C002921E0;
			remoteInfo = NetworkLayer;
		};
		01A8FB4B260CFBA9000CE4FB /* PBXContainerItemProxy */ = {
			isa = PBXContainerItemProxy;
			containerPortal = 01A8FB44260CFBA9000CE4FB /* NetworkLayer.xcodeproj */;
			proxyType = 2;
			remoteGlobalIDString = 01C867DF25C4798C002921E0;
			remoteInfo = NetworkLayerTests;
		};
/* End PBXContainerItemProxy section */

/* Begin PBXCopyFilesBuildPhase section */
		01A8FB55260CFBBB000CE4FB /* Embed Frameworks */ = {
			isa = PBXCopyFilesBuildPhase;
			buildActionMask = 2147483647;
			dstPath = "";
			dstSubfolderSpec = 10;
			files = (
				01A8FB54260CFBBB000CE4FB /* NetworkLayer.framework in Embed Frameworks */,
			);
			name = "Embed Frameworks";
			runOnlyForDeploymentPostprocessing = 0;
		};
/* End PBXCopyFilesBuildPhase section */

/* Begin PBXFileReference section */
		01978323260E097C00B2FE85 /* ReviewView.xib */ = {isa = PBXFileReference; lastKnownFileType = file.xib; path = ReviewView.xib; sourceTree = "<group>"; };
		01978327260E099000B2FE85 /* ReviewView.swift */ = {isa = PBXFileReference; lastKnownFileType = sourcecode.swift; path = ReviewView.swift; sourceTree = "<group>"; };
		01978362260E39C500B2FE85 /* UIViewController+KeyboardDismiss.swift */ = {isa = PBXFileReference; lastKnownFileType = sourcecode.swift; path = "UIViewController+KeyboardDismiss.swift"; sourceTree = "<group>"; };
		01978367260E3BE200B2FE85 /* PostReview.swift */ = {isa = PBXFileReference; lastKnownFileType = sourcecode.swift; path = PostReview.swift; sourceTree = "<group>"; };
		0197837D260E787100B2FE85 /* Localizable.strings */ = {isa = PBXFileReference; lastKnownFileType = text.plist.strings; path = Localizable.strings; sourceTree = "<group>"; };
		01978382260E79C600B2FE85 /* String+localized.swift */ = {isa = PBXFileReference; lastKnownFileType = sourcecode.swift; path = "String+localized.swift"; sourceTree = "<group>"; };
		01978388260E7FD300B2FE85 /* UIViewController+Alert.swift */ = {isa = PBXFileReference; lastKnownFileType = sourcecode.swift; path = "UIViewController+Alert.swift"; sourceTree = "<group>"; };
		01978397260EB40D00B2FE85 /* AdiChallengeProductDetailsUITests.swift */ = {isa = PBXFileReference; lastKnownFileType = sourcecode.swift; path = AdiChallengeProductDetailsUITests.swift; sourceTree = "<group>"; };
		01A121AF260F813500D5AC7D /* MockedHomeRepository.swift */ = {isa = PBXFileReference; lastKnownFileType = sourcecode.swift; path = MockedHomeRepository.swift; sourceTree = "<group>"; };
		01A121B7260F848100D5AC7D /* MockedRequestFactory.swift */ = {isa = PBXFileReference; lastKnownFileType = sourcecode.swift; path = MockedRequestFactory.swift; sourceTree = "<group>"; };
		01A121BE260F864000D5AC7D /* ValidAdiProducts.json */ = {isa = PBXFileReference; lastKnownFileType = text.json; path = ValidAdiProducts.json; sourceTree = "<group>"; };
		01A121C5260F8C6700D5AC7D /* InvalidAdiProducts.json */ = {isa = PBXFileReference; lastKnownFileType = text.json; path = InvalidAdiProducts.json; sourceTree = "<group>"; };
		01A121D3260F99AA00D5AC7D /* ValidPostReviewResponse.json */ = {isa = PBXFileReference; lastKnownFileType = text.json; path = ValidPostReviewResponse.json; sourceTree = "<group>"; };
		01A121D9260F99DB00D5AC7D /* InvalidPostReviewResponse.json */ = {isa = PBXFileReference; lastKnownFileType = text.json; path = InvalidPostReviewResponse.json; sourceTree = "<group>"; };
		01A121DD260F9A3E00D5AC7D /* MockedPostReview.swift */ = {isa = PBXFileReference; lastKnownFileType = sourcecode.swift; path = MockedPostReview.swift; sourceTree = "<group>"; };
		01A121E1260F9ABD00D5AC7D /* AdiProductDetailsViewModelTests.swift */ = {isa = PBXFileReference; lastKnownFileType = sourcecode.swift; path = AdiProductDetailsViewModelTests.swift; sourceTree = "<group>"; };
		01A121F8260FD1AC00D5AC7D /* GoogleService-Info.plist */ = {isa = PBXFileReference; fileEncoding = 4; lastKnownFileType = text.plist.xml; path = "GoogleService-Info.plist"; sourceTree = "<group>"; };
		01A1221F260FE5BE00D5AC7D /* CrashlyticsLogger.swift */ = {isa = PBXFileReference; lastKnownFileType = sourcecode.swift; path = CrashlyticsLogger.swift; sourceTree = "<group>"; };
		01A8FAF1260CF867000CE4FB /* AdiChallenge.app */ = {isa = PBXFileReference; explicitFileType = wrapper.application; includeInIndex = 0; path = AdiChallenge.app; sourceTree = BUILT_PRODUCTS_DIR; };
		01A8FAF4260CF867000CE4FB /* AppDelegate.swift */ = {isa = PBXFileReference; lastKnownFileType = sourcecode.swift; path = AppDelegate.swift; sourceTree = "<group>"; };
		01A8FAFD260CF868000CE4FB /* Assets.xcassets */ = {isa = PBXFileReference; lastKnownFileType = folder.assetcatalog; path = Assets.xcassets; sourceTree = "<group>"; };
		01A8FB00260CF868000CE4FB /* Base */ = {isa = PBXFileReference; lastKnownFileType = file.storyboard; name = Base; path = Base.lproj/LaunchScreen.storyboard; sourceTree = "<group>"; };
		01A8FB02260CF868000CE4FB /* Info.plist */ = {isa = PBXFileReference; lastKnownFileType = text.plist.xml; path = Info.plist; sourceTree = "<group>"; };
		01A8FB07260CF869000CE4FB /* AdiChallengeTests.xctest */ = {isa = PBXFileReference; explicitFileType = wrapper.cfbundle; includeInIndex = 0; path = AdiChallengeTests.xctest; sourceTree = BUILT_PRODUCTS_DIR; };
		01A8FB0B260CF869000CE4FB /* AdiChallengeHomeViewModelTests.swift */ = {isa = PBXFileReference; lastKnownFileType = sourcecode.swift; path = AdiChallengeHomeViewModelTests.swift; sourceTree = "<group>"; };
		01A8FB0D260CF869000CE4FB /* Info.plist */ = {isa = PBXFileReference; lastKnownFileType = text.plist.xml; path = Info.plist; sourceTree = "<group>"; };
		01A8FB12260CF869000CE4FB /* AdiChallengeUITests.xctest */ = {isa = PBXFileReference; explicitFileType = wrapper.cfbundle; includeInIndex = 0; path = AdiChallengeUITests.xctest; sourceTree = BUILT_PRODUCTS_DIR; };
		01A8FB16260CF869000CE4FB /* AdiChallengeHomeScreenUITests.swift */ = {isa = PBXFileReference; lastKnownFileType = sourcecode.swift; path = AdiChallengeHomeScreenUITests.swift; sourceTree = "<group>"; };
		01A8FB18260CF869000CE4FB /* Info.plist */ = {isa = PBXFileReference; lastKnownFileType = text.plist.xml; path = Info.plist; sourceTree = "<group>"; };
		01A8FB44260CFBA9000CE4FB /* NetworkLayer.xcodeproj */ = {isa = PBXFileReference; lastKnownFileType = "wrapper.pb-project"; name = NetworkLayer.xcodeproj; path = NetworkLayer/NetworkLayer.xcodeproj; sourceTree = "<group>"; };
		01A8FB80260D01A4000CE4FB /* Coordinator.swift */ = {isa = PBXFileReference; lastKnownFileType = sourcecode.swift; path = Coordinator.swift; sourceTree = "<group>"; };
		01A8FB87260D01E0000CE4FB /* AppCoordinator.swift */ = {isa = PBXFileReference; lastKnownFileType = sourcecode.swift; path = AppCoordinator.swift; sourceTree = "<group>"; };
		01A8FB9C260D0282000CE4FB /* MainScreenCoordinator.swift */ = {isa = PBXFileReference; lastKnownFileType = sourcecode.swift; path = MainScreenCoordinator.swift; sourceTree = "<group>"; };
		01A8FBA2260D02CD000CE4FB /* ProductDetailsCoordinator.swift */ = {isa = PBXFileReference; lastKnownFileType = sourcecode.swift; path = ProductDetailsCoordinator.swift; sourceTree = "<group>"; };
		01A8FBA6260D0326000CE4FB /* AdiNavigationBar.swift */ = {isa = PBXFileReference; lastKnownFileType = sourcecode.swift; path = AdiNavigationBar.swift; sourceTree = "<group>"; };
		01A8FBB0260D0531000CE4FB /* MainScreenBuilder.swift */ = {isa = PBXFileReference; lastKnownFileType = sourcecode.swift; path = MainScreenBuilder.swift; sourceTree = "<group>"; };
		01A8FBB9260D05CA000CE4FB /* ProductDetailsBuilder.swift */ = {isa = PBXFileReference; lastKnownFileType = sourcecode.swift; path = ProductDetailsBuilder.swift; sourceTree = "<group>"; };
		01A8FBC2260D07EA000CE4FB /* Constants.swift */ = {isa = PBXFileReference; lastKnownFileType = sourcecode.swift; path = Constants.swift; sourceTree = "<group>"; };
		01A8FBD5260D0EAE000CE4FB /* AdiImageView.swift */ = {isa = PBXFileReference; lastKnownFileType = sourcecode.swift; path = AdiImageView.swift; sourceTree = "<group>"; };
		01A8FBDE260D1251000CE4FB /* AdiHomeViewController.swift */ = {isa = PBXFileReference; lastKnownFileType = sourcecode.swift; path = AdiHomeViewController.swift; sourceTree = "<group>"; };
		01A8FBDF260D1251000CE4FB /* AdiHomeViewController.xib */ = {isa = PBXFileReference; lastKnownFileType = file.xib; path = AdiHomeViewController.xib; sourceTree = "<group>"; };
		01A8FBE6260D12A5000CE4FB /* AdiHomeViewModel.swift */ = {isa = PBXFileReference; lastKnownFileType = sourcecode.swift; path = AdiHomeViewModel.swift; sourceTree = "<group>"; };
		01A8FBEA260D1AD9000CE4FB /* Binder.swift */ = {isa = PBXFileReference; lastKnownFileType = sourcecode.swift; path = Binder.swift; sourceTree = "<group>"; };
		01A8FBEF260D2297000CE4FB /* Product.swift */ = {isa = PBXFileReference; lastKnownFileType = sourcecode.swift; path = Product.swift; sourceTree = "<group>"; };
		01A8FC01260D2613000CE4FB /* HomeProductTableViewCell.swift */ = {isa = PBXFileReference; lastKnownFileType = sourcecode.swift; path = HomeProductTableViewCell.swift; sourceTree = "<group>"; };
		01A8FC02260D2613000CE4FB /* HomeProductTableViewCell.xib */ = {isa = PBXFileReference; lastKnownFileType = file.xib; path = HomeProductTableViewCell.xib; sourceTree = "<group>"; };
		01A8FC08260D2832000CE4FB /* UITableView+Register..swift */ = {isa = PBXFileReference; lastKnownFileType = sourcecode.swift; path = "UITableView+Register..swift"; sourceTree = "<group>"; };
		01A8FC20260D2DCC000CE4FB /* HomeRepository.swift */ = {isa = PBXFileReference; lastKnownFileType = sourcecode.swift; path = HomeRepository.swift; sourceTree = "<group>"; };
		01A8FC24260D2EB3000CE4FB /* RequestFactory.swift */ = {isa = PBXFileReference; lastKnownFileType = sourcecode.swift; path = RequestFactory.swift; sourceTree = "<group>"; };
		01A8FC29260D2F04000CE4FB /* RemoteHomeDataSource.swift */ = {isa = PBXFileReference; lastKnownFileType = sourcecode.swift; path = RemoteHomeDataSource.swift; sourceTree = "<group>"; };
		01A8FC33260D3743000CE4FB /* ProductDetailsViewController.swift */ = {isa = PBXFileReference; lastKnownFileType = sourcecode.swift; path = ProductDetailsViewController.swift; sourceTree = "<group>"; };
		01A8FC34260D3743000CE4FB /* ProductDetailsViewController.xib */ = {isa = PBXFileReference; lastKnownFileType = file.xib; path = ProductDetailsViewController.xib; sourceTree = "<group>"; };
		01A8FC3D260D3C7A000CE4FB /* ProductDetailsHeaderView.swift */ = {isa = PBXFileReference; lastKnownFileType = sourcecode.swift; path = ProductDetailsHeaderView.swift; sourceTree = "<group>"; };
		01A8FC43260D3C86000CE4FB /* ProductDetailsHeaderView.xib */ = {isa = PBXFileReference; lastKnownFileType = file.xib; path = ProductDetailsHeaderView.xib; sourceTree = "<group>"; };
		01A8FC4A260D4380000CE4FB /* ZoomTransitionAnimating.swift */ = {isa = PBXFileReference; lastKnownFileType = sourcecode.swift; path = ZoomTransitionAnimating.swift; sourceTree = "<group>"; };
		01A8FC50260D438A000CE4FB /* ZoomTransitionAnimator.swift */ = {isa = PBXFileReference; lastKnownFileType = sourcecode.swift; path = ZoomTransitionAnimator.swift; sourceTree = "<group>"; };
		01A8FC5C260D515F000CE4FB /* ProductReviewsHeaderView.xib */ = {isa = PBXFileReference; lastKnownFileType = file.xib; path = ProductReviewsHeaderView.xib; sourceTree = "<group>"; };
		01A8FC62260D516D000CE4FB /* ProductReviewsHeaderView.swift */ = {isa = PBXFileReference; lastKnownFileType = sourcecode.swift; path = ProductReviewsHeaderView.swift; sourceTree = "<group>"; };
		01A8FC6D260D62D5000CE4FB /* ProductReviewTableViewCell.swift */ = {isa = PBXFileReference; lastKnownFileType = sourcecode.swift; path = ProductReviewTableViewCell.swift; sourceTree = "<group>"; };
		01A8FC6E260D62D5000CE4FB /* ProductReviewTableViewCell.xib */ = {isa = PBXFileReference; lastKnownFileType = file.xib; path = ProductReviewTableViewCell.xib; sourceTree = "<group>"; };
		01A8FC76260D644B000CE4FB /* ProductDetailsViewModel.swift */ = {isa = PBXFileReference; lastKnownFileType = sourcecode.swift; path = ProductDetailsViewModel.swift; sourceTree = "<group>"; };
		01A8FC7A260D726C000CE4FB /* ProductPresentationModel.swift */ = {isa = PBXFileReference; lastKnownFileType = sourcecode.swift; path = ProductPresentationModel.swift; sourceTree = "<group>"; };
		18C17E1BFB7A62C834F3957C /* Pods-AdiChallenge.debug.xcconfig */ = {isa = PBXFileReference; includeInIndex = 1; lastKnownFileType = text.xcconfig; name = "Pods-AdiChallenge.debug.xcconfig"; path = "Target Support Files/Pods-AdiChallenge/Pods-AdiChallenge.debug.xcconfig"; sourceTree = "<group>"; };
		2152897293CE218866D4D3EE /* Pods_AdiChallenge.framework */ = {isa = PBXFileReference; explicitFileType = wrapper.framework; includeInIndex = 0; path = Pods_AdiChallenge.framework; sourceTree = BUILT_PRODUCTS_DIR; };
		69932162E90D3C565424E247 /* Pods-AdiChallenge.release.xcconfig */ = {isa = PBXFileReference; includeInIndex = 1; lastKnownFileType = text.xcconfig; name = "Pods-AdiChallenge.release.xcconfig"; path = "Target Support Files/Pods-AdiChallenge/Pods-AdiChallenge.release.xcconfig"; sourceTree = "<group>"; };
		868B0B59E59F94DDC803CAA6 /* Pods-AdiChallengeTests.debug.xcconfig */ = {isa = PBXFileReference; includeInIndex = 1; lastKnownFileType = text.xcconfig; name = "Pods-AdiChallengeTests.debug.xcconfig"; path = "Target Support Files/Pods-AdiChallengeTests/Pods-AdiChallengeTests.debug.xcconfig"; sourceTree = "<group>"; };
		8D41AA84A3FAF4CC659F2218 /* Pods-AdiChallenge-AdiChallengeUITests.debug.xcconfig */ = {isa = PBXFileReference; includeInIndex = 1; lastKnownFileType = text.xcconfig; name = "Pods-AdiChallenge-AdiChallengeUITests.debug.xcconfig"; path = "Target Support Files/Pods-AdiChallenge-AdiChallengeUITests/Pods-AdiChallenge-AdiChallengeUITests.debug.xcconfig"; sourceTree = "<group>"; };
		CDE8DDFF68A1948196F0B678 /* Pods_AdiChallenge_AdiChallengeUITests.framework */ = {isa = PBXFileReference; explicitFileType = wrapper.framework; includeInIndex = 0; path = Pods_AdiChallenge_AdiChallengeUITests.framework; sourceTree = BUILT_PRODUCTS_DIR; };
		D508E2CD1704B53AD38ED037 /* Pods_AdiChallengeTests.framework */ = {isa = PBXFileReference; explicitFileType = wrapper.framework; includeInIndex = 0; path = Pods_AdiChallengeTests.framework; sourceTree = BUILT_PRODUCTS_DIR; };
		EEF1B26F675B03862EEB7921 /* Pods-AdiChallenge-AdiChallengeUITests.release.xcconfig */ = {isa = PBXFileReference; includeInIndex = 1; lastKnownFileType = text.xcconfig; name = "Pods-AdiChallenge-AdiChallengeUITests.release.xcconfig"; path = "Target Support Files/Pods-AdiChallenge-AdiChallengeUITests/Pods-AdiChallenge-AdiChallengeUITests.release.xcconfig"; sourceTree = "<group>"; };
		F6FD13587AA477A581222226 /* Pods-AdiChallengeTests.release.xcconfig */ = {isa = PBXFileReference; includeInIndex = 1; lastKnownFileType = text.xcconfig; name = "Pods-AdiChallengeTests.release.xcconfig"; path = "Target Support Files/Pods-AdiChallengeTests/Pods-AdiChallengeTests.release.xcconfig"; sourceTree = "<group>"; };
/* End PBXFileReference section */

/* Begin PBXFrameworksBuildPhase section */
		01A8FAEE260CF867000CE4FB /* Frameworks */ = {
			isa = PBXFrameworksBuildPhase;
			buildActionMask = 2147483647;
			files = (
				01A8FB53260CFBBB000CE4FB /* NetworkLayer.framework in Frameworks */,
				EF147DA2C0B69905D96AE370 /* Pods_AdiChallenge.framework in Frameworks */,
			);
			runOnlyForDeploymentPostprocessing = 0;
		};
		01A8FB04260CF869000CE4FB /* Frameworks */ = {
			isa = PBXFrameworksBuildPhase;
			buildActionMask = 2147483647;
			files = (
				52C9499F3225B06DA723CC3A /* Pods_AdiChallengeTests.framework in Frameworks */,
			);
			runOnlyForDeploymentPostprocessing = 0;
		};
		01A8FB0F260CF869000CE4FB /* Frameworks */ = {
			isa = PBXFrameworksBuildPhase;
			buildActionMask = 2147483647;
			files = (
				083B432413521ADB01F6AB09 /* Pods_AdiChallenge_AdiChallengeUITests.framework in Frameworks */,
			);
			runOnlyForDeploymentPostprocessing = 0;
		};
/* End PBXFrameworksBuildPhase section */

/* Begin PBXGroup section */
		01978322260E095000B2FE85 /* ReviewView */ = {
			isa = PBXGroup;
			children = (
				01978323260E097C00B2FE85 /* ReviewView.xib */,
				01978327260E099000B2FE85 /* ReviewView.swift */,
			);
			path = ReviewView;
			sourceTree = "<group>";
		};
		01978366260E3BB300B2FE85 /* PostReview */ = {
			isa = PBXGroup;
			children = (
				01978367260E3BE200B2FE85 /* PostReview.swift */,
			);
			path = PostReview;
			sourceTree = "<group>";
		};
		01A121AA260F80ED00D5AC7D /* Mocks */ = {
			isa = PBXGroup;
			children = (
				01A121AF260F813500D5AC7D /* MockedHomeRepository.swift */,
				01A121B7260F848100D5AC7D /* MockedRequestFactory.swift */,
				01A121DD260F9A3E00D5AC7D /* MockedPostReview.swift */,
			);
			path = Mocks;
			sourceTree = "<group>";
		};
		01A121AD260F80F700D5AC7D /* Stubs */ = {
			isa = PBXGroup;
			children = (
				01A121BE260F864000D5AC7D /* ValidAdiProducts.json */,
				01A121C5260F8C6700D5AC7D /* InvalidAdiProducts.json */,
				01A121D3260F99AA00D5AC7D /* ValidPostReviewResponse.json */,
				01A121D9260F99DB00D5AC7D /* InvalidPostReviewResponse.json */,
			);
			path = Stubs;
			sourceTree = "<group>";
		};
		01A8FAE8260CF866000CE4FB = {
			isa = PBXGroup;
			children = (
				01A8FAF3260CF867000CE4FB /* AdiChallenge */,
				01A8FB0A260CF869000CE4FB /* AdiChallengeTests */,
				01A8FB15260CF869000CE4FB /* AdiChallengeUITests */,
				01A8FAF2260CF867000CE4FB /* Products */,
				1D2C390F69352BB1A5781540 /* Pods */,
				74807606BD9E54AFAE993E14 /* Frameworks */,
			);
			sourceTree = "<group>";
		};
		01A8FAF2260CF867000CE4FB /* Products */ = {
			isa = PBXGroup;
			children = (
				01A8FAF1260CF867000CE4FB /* AdiChallenge.app */,
				01A8FB07260CF869000CE4FB /* AdiChallengeTests.xctest */,
				01A8FB12260CF869000CE4FB /* AdiChallengeUITests.xctest */,
			);
			name = Products;
			sourceTree = "<group>";
		};
		01A8FAF3260CF867000CE4FB /* AdiChallenge */ = {
			isa = PBXGroup;
			children = (
				01A8FBAE260D04E9000CE4FB /* Features */,
				01A8FB7F260D0192000CE4FB /* Coordinator */,
				01A8FB40260CFAD1000CE4FB /* Utilities+Extensions */,
				01A8FB3F260CFAC7000CE4FB /* Constants */,
				01A8FB3E260CFAA5000CE4FB /* Components */,
				01A8FB3D260CFA9E000CE4FB /* Localization */,
				01A8FB3C260CFA94000CE4FB /* Modules */,
				01A8FAF4260CF867000CE4FB /* AppDelegate.swift */,
				01A8FAFD260CF868000CE4FB /* Assets.xcassets */,
				01A8FAFF260CF868000CE4FB /* LaunchScreen.storyboard */,
				01A121F8260FD1AC00D5AC7D /* GoogleService-Info.plist */,
				01A8FB02260CF868000CE4FB /* Info.plist */,
			);
			path = AdiChallenge;
			sourceTree = "<group>";
		};
		01A8FB0A260CF869000CE4FB /* AdiChallengeTests */ = {
			isa = PBXGroup;
			children = (
				01A121AD260F80F700D5AC7D /* Stubs */,
				01A121AA260F80ED00D5AC7D /* Mocks */,
				01A8FB0B260CF869000CE4FB /* AdiChallengeHomeViewModelTests.swift */,
				01A121E1260F9ABD00D5AC7D /* AdiProductDetailsViewModelTests.swift */,
				01A8FB0D260CF869000CE4FB /* Info.plist */,
			);
			path = AdiChallengeTests;
			sourceTree = "<group>";
		};
		01A8FB15260CF869000CE4FB /* AdiChallengeUITests */ = {
			isa = PBXGroup;
			children = (
				01A8FB16260CF869000CE4FB /* AdiChallengeHomeScreenUITests.swift */,
				01978397260EB40D00B2FE85 /* AdiChallengeProductDetailsUITests.swift */,
				01A8FB18260CF869000CE4FB /* Info.plist */,
			);
			path = AdiChallengeUITests;
			sourceTree = "<group>";
		};
		01A8FB3C260CFA94000CE4FB /* Modules */ = {
			isa = PBXGroup;
			children = (
				01A8FB44260CFBA9000CE4FB /* NetworkLayer.xcodeproj */,
			);
			path = Modules;
			sourceTree = "<group>";
		};
		01A8FB3D260CFA9E000CE4FB /* Localization */ = {
			isa = PBXGroup;
			children = (
				0197837D260E787100B2FE85 /* Localizable.strings */,
			);
			path = Localization;
			sourceTree = "<group>";
		};
		01A8FB3E260CFAA5000CE4FB /* Components */ = {
			isa = PBXGroup;
			children = (
				01A8FBA6260D0326000CE4FB /* AdiNavigationBar.swift */,
				01A8FBD5260D0EAE000CE4FB /* AdiImageView.swift */,
			);
			path = Components;
			sourceTree = "<group>";
		};
		01A8FB3F260CFAC7000CE4FB /* Constants */ = {
			isa = PBXGroup;
			children = (
				01A8FBC2260D07EA000CE4FB /* Constants.swift */,
			);
			path = Constants;
			sourceTree = "<group>";
		};
		01A8FB40260CFAD1000CE4FB /* Utilities+Extensions */ = {
			isa = PBXGroup;
			children = (
				01A8FC49260D4372000CE4FB /* Transition */,
				01A8FBEA260D1AD9000CE4FB /* Binder.swift */,
				01A8FC08260D2832000CE4FB /* UITableView+Register..swift */,
				01A8FC24260D2EB3000CE4FB /* RequestFactory.swift */,
				01978362260E39C500B2FE85 /* UIViewController+KeyboardDismiss.swift */,
				01978382260E79C600B2FE85 /* String+localized.swift */,
				01978388260E7FD300B2FE85 /* UIViewController+Alert.swift */,
				01A1221F260FE5BE00D5AC7D /* CrashlyticsLogger.swift */,
			);
			path = "Utilities+Extensions";
			sourceTree = "<group>";
		};
		01A8FB45260CFBA9000CE4FB /* Products */ = {
			isa = PBXGroup;
			children = (
				01A8FB4A260CFBA9000CE4FB /* NetworkLayer.framework */,
				01A8FB4C260CFBA9000CE4FB /* NetworkLayerTests.xctest */,
			);
			name = Products;
			sourceTree = "<group>";
		};
		01A8FB7F260D0192000CE4FB /* Coordinator */ = {
			isa = PBXGroup;
			children = (
				01A8FB80260D01A4000CE4FB /* Coordinator.swift */,
				01A8FB87260D01E0000CE4FB /* AppCoordinator.swift */,
				01A8FB9C260D0282000CE4FB /* MainScreenCoordinator.swift */,
				01A8FBA2260D02CD000CE4FB /* ProductDetailsCoordinator.swift */,
			);
			path = Coordinator;
			sourceTree = "<group>";
		};
		01A8FBAE260D04E9000CE4FB /* Features */ = {
			isa = PBXGroup;
			children = (
				01A8FBB8260D0591000CE4FB /* ProductDetails */,
				01A8FBAF260D04F9000CE4FB /* HomeAdi */,
			);
			path = Features;
			sourceTree = "<group>";
		};
		01A8FBAF260D04F9000CE4FB /* HomeAdi */ = {
			isa = PBXGroup;
			children = (
				01A8FBDD260D1232000CE4FB /* Models */,
				01A8FBDC260D122B000CE4FB /* ViewModels */,
				01A8FBDB260D1226000CE4FB /* Views */,
				01A8FBB0260D0531000CE4FB /* MainScreenBuilder.swift */,
			);
			path = HomeAdi;
			sourceTree = "<group>";
		};
		01A8FBB8260D0591000CE4FB /* ProductDetails */ = {
			isa = PBXGroup;
			children = (
				01978366260E3BB300B2FE85 /* PostReview */,
				01A8FC32260D370D000CE4FB /* ViewModels */,
				01A8FC31260D3708000CE4FB /* Views */,
				01A8FBB9260D05CA000CE4FB /* ProductDetailsBuilder.swift */,
			);
			path = ProductDetails;
			sourceTree = "<group>";
		};
		01A8FBDB260D1226000CE4FB /* Views */ = {
			isa = PBXGroup;
			children = (
				01A8FC00260D25BC000CE4FB /* Cells */,
				01A8FBDE260D1251000CE4FB /* AdiHomeViewController.swift */,
				01A8FBDF260D1251000CE4FB /* AdiHomeViewController.xib */,
			);
			path = Views;
			sourceTree = "<group>";
		};
		01A8FBDC260D122B000CE4FB /* ViewModels */ = {
			isa = PBXGroup;
			children = (
				01A8FBE6260D12A5000CE4FB /* AdiHomeViewModel.swift */,
			);
			path = ViewModels;
			sourceTree = "<group>";
		};
		01A8FBDD260D1232000CE4FB /* Models */ = {
			isa = PBXGroup;
			children = (
				01A8FC28260D2EF5000CE4FB /* Data */,
				01A8FBEE260D2280000CE4FB /* ResponseModels */,
				01A8FC20260D2DCC000CE4FB /* HomeRepository.swift */,
				01A8FC7A260D726C000CE4FB /* ProductPresentationModel.swift */,
			);
			path = Models;
			sourceTree = "<group>";
		};
		01A8FBEE260D2280000CE4FB /* ResponseModels */ = {
			isa = PBXGroup;
			children = (
				01A8FBEF260D2297000CE4FB /* Product.swift */,
			);
			path = ResponseModels;
			sourceTree = "<group>";
		};
		01A8FC00260D25BC000CE4FB /* Cells */ = {
			isa = PBXGroup;
			children = (
				01A8FC01260D2613000CE4FB /* HomeProductTableViewCell.swift */,
				01A8FC02260D2613000CE4FB /* HomeProductTableViewCell.xib */,
			);
			path = Cells;
			sourceTree = "<group>";
		};
		01A8FC28260D2EF5000CE4FB /* Data */ = {
			isa = PBXGroup;
			children = (
				01A8FC29260D2F04000CE4FB /* RemoteHomeDataSource.swift */,
			);
			path = Data;
			sourceTree = "<group>";
		};
		01A8FC31260D3708000CE4FB /* Views */ = {
			isa = PBXGroup;
			children = (
				01978322260E095000B2FE85 /* ReviewView */,
				01A8FC6A260D62B3000CE4FB /* Cells */,
				01A8FC3B260D3BD7000CE4FB /* Headers */,
				01A8FC33260D3743000CE4FB /* ProductDetailsViewController.swift */,
				01A8FC34260D3743000CE4FB /* ProductDetailsViewController.xib */,
			);
			path = Views;
			sourceTree = "<group>";
		};
		01A8FC32260D370D000CE4FB /* ViewModels */ = {
			isa = PBXGroup;
			children = (
				01A8FC76260D644B000CE4FB /* ProductDetailsViewModel.swift */,
			);
			path = ViewModels;
			sourceTree = "<group>";
		};
		01A8FC3B260D3BD7000CE4FB /* Headers */ = {
			isa = PBXGroup;
			children = (
				01A8FC3D260D3C7A000CE4FB /* ProductDetailsHeaderView.swift */,
				01A8FC43260D3C86000CE4FB /* ProductDetailsHeaderView.xib */,
				01A8FC5C260D515F000CE4FB /* ProductReviewsHeaderView.xib */,
				01A8FC62260D516D000CE4FB /* ProductReviewsHeaderView.swift */,
			);
			path = Headers;
			sourceTree = "<group>";
		};
		01A8FC49260D4372000CE4FB /* Transition */ = {
			isa = PBXGroup;
			children = (
				01A8FC4A260D4380000CE4FB /* ZoomTransitionAnimating.swift */,
				01A8FC50260D438A000CE4FB /* ZoomTransitionAnimator.swift */,
			);
			path = Transition;
			sourceTree = "<group>";
		};
		01A8FC6A260D62B3000CE4FB /* Cells */ = {
			isa = PBXGroup;
			children = (
				01A8FC6D260D62D5000CE4FB /* ProductReviewTableViewCell.swift */,
				01A8FC6E260D62D5000CE4FB /* ProductReviewTableViewCell.xib */,
			);
			path = Cells;
			sourceTree = "<group>";
		};
		1D2C390F69352BB1A5781540 /* Pods */ = {
			isa = PBXGroup;
			children = (
				18C17E1BFB7A62C834F3957C /* Pods-AdiChallenge.debug.xcconfig */,
				69932162E90D3C565424E247 /* Pods-AdiChallenge.release.xcconfig */,
				8D41AA84A3FAF4CC659F2218 /* Pods-AdiChallenge-AdiChallengeUITests.debug.xcconfig */,
				EEF1B26F675B03862EEB7921 /* Pods-AdiChallenge-AdiChallengeUITests.release.xcconfig */,
				868B0B59E59F94DDC803CAA6 /* Pods-AdiChallengeTests.debug.xcconfig */,
				F6FD13587AA477A581222226 /* Pods-AdiChallengeTests.release.xcconfig */,
			);
			path = Pods;
			sourceTree = "<group>";
		};
		74807606BD9E54AFAE993E14 /* Frameworks */ = {
			isa = PBXGroup;
			children = (
				2152897293CE218866D4D3EE /* Pods_AdiChallenge.framework */,
				CDE8DDFF68A1948196F0B678 /* Pods_AdiChallenge_AdiChallengeUITests.framework */,
				D508E2CD1704B53AD38ED037 /* Pods_AdiChallengeTests.framework */,
			);
			name = Frameworks;
			sourceTree = "<group>";
		};
/* End PBXGroup section */

/* Begin PBXNativeTarget section */
		01A8FAF0260CF867000CE4FB /* AdiChallenge */ = {
			isa = PBXNativeTarget;
			buildConfigurationList = 01A8FB1B260CF869000CE4FB /* Build configuration list for PBXNativeTarget "AdiChallenge" */;
			buildPhases = (
				A6F9A36D0B94106830E9825E /* [CP] Check Pods Manifest.lock */,
				01A8FAED260CF867000CE4FB /* Sources */,
				01A8FAEE260CF867000CE4FB /* Frameworks */,
				01A8FAEF260CF867000CE4FB /* Resources */,
				01A8FB55260CFBBB000CE4FB /* Embed Frameworks */,
				A22037FF45066E19268C713D /* [CP] Embed Pods Frameworks */,
			);
			buildRules = (
			);
			dependencies = (
			);
			name = AdiChallenge;
			productName = AdiChallenge;
			productReference = 01A8FAF1260CF867000CE4FB /* AdiChallenge.app */;
			productType = "com.apple.product-type.application";
		};
		01A8FB06260CF869000CE4FB /* AdiChallengeTests */ = {
			isa = PBXNativeTarget;
			buildConfigurationList = 01A8FB1E260CF869000CE4FB /* Build configuration list for PBXNativeTarget "AdiChallengeTests" */;
			buildPhases = (
				B35A82691200491047B95EB5 /* [CP] Check Pods Manifest.lock */,
				01A8FB03260CF869000CE4FB /* Sources */,
				01A8FB04260CF869000CE4FB /* Frameworks */,
				01A8FB05260CF869000CE4FB /* Resources */,
			);
			buildRules = (
			);
			dependencies = (
				01A8FB09260CF869000CE4FB /* PBXTargetDependency */,
			);
			name = AdiChallengeTests;
			productName = AdiChallengeTests;
			productReference = 01A8FB07260CF869000CE4FB /* AdiChallengeTests.xctest */;
			productType = "com.apple.product-type.bundle.unit-test";
		};
		01A8FB11260CF869000CE4FB /* AdiChallengeUITests */ = {
			isa = PBXNativeTarget;
			buildConfigurationList = 01A8FB21260CF869000CE4FB /* Build configuration list for PBXNativeTarget "AdiChallengeUITests" */;
			buildPhases = (
				C7780AC67B874BB5E61CCBF8 /* [CP] Check Pods Manifest.lock */,
				01A8FB0E260CF869000CE4FB /* Sources */,
				01A8FB0F260CF869000CE4FB /* Frameworks */,
				01A8FB10260CF869000CE4FB /* Resources */,
				0A8B1471D2A81DDDA0B81F4F /* [CP] Embed Pods Frameworks */,
			);
			buildRules = (
			);
			dependencies = (
				01A8FB14260CF869000CE4FB /* PBXTargetDependency */,
			);
			name = AdiChallengeUITests;
			productName = AdiChallengeUITests;
			productReference = 01A8FB12260CF869000CE4FB /* AdiChallengeUITests.xctest */;
			productType = "com.apple.product-type.bundle.ui-testing";
		};
/* End PBXNativeTarget section */

/* Begin PBXProject section */
		01A8FAE9260CF866000CE4FB /* Project object */ = {
			isa = PBXProject;
			attributes = {
				LastSwiftUpdateCheck = 1220;
				LastUpgradeCheck = 1220;
				TargetAttributes = {
					01A8FAF0260CF867000CE4FB = {
						CreatedOnToolsVersion = 12.2;
					};
					01A8FB06260CF869000CE4FB = {
						CreatedOnToolsVersion = 12.2;
						TestTargetID = 01A8FAF0260CF867000CE4FB;
					};
					01A8FB11260CF869000CE4FB = {
						CreatedOnToolsVersion = 12.2;
						TestTargetID = 01A8FAF0260CF867000CE4FB;
					};
				};
			};
			buildConfigurationList = 01A8FAEC260CF867000CE4FB /* Build configuration list for PBXProject "AdiChallenge" */;
			compatibilityVersion = "Xcode 9.3";
			developmentRegion = en;
			hasScannedForEncodings = 0;
			knownRegions = (
				en,
				Base,
			);
			mainGroup = 01A8FAE8260CF866000CE4FB;
			productRefGroup = 01A8FAF2260CF867000CE4FB /* Products */;
			projectDirPath = "";
			projectReferences = (
				{
					ProductGroup = 01A8FB45260CFBA9000CE4FB /* Products */;
					ProjectRef = 01A8FB44260CFBA9000CE4FB /* NetworkLayer.xcodeproj */;
				},
			);
			projectRoot = "";
			targets = (
				01A8FAF0260CF867000CE4FB /* AdiChallenge */,
				01A8FB06260CF869000CE4FB /* AdiChallengeTests */,
				01A8FB11260CF869000CE4FB /* AdiChallengeUITests */,
			);
		};
/* End PBXProject section */

/* Begin PBXReferenceProxy section */
		01A8FB4A260CFBA9000CE4FB /* NetworkLayer.framework */ = {
			isa = PBXReferenceProxy;
			fileType = wrapper.framework;
			path = NetworkLayer.framework;
			remoteRef = 01A8FB49260CFBA9000CE4FB /* PBXContainerItemProxy */;
			sourceTree = BUILT_PRODUCTS_DIR;
		};
		01A8FB4C260CFBA9000CE4FB /* NetworkLayerTests.xctest */ = {
			isa = PBXReferenceProxy;
			fileType = wrapper.cfbundle;
			path = NetworkLayerTests.xctest;
			remoteRef = 01A8FB4B260CFBA9000CE4FB /* PBXContainerItemProxy */;
			sourceTree = BUILT_PRODUCTS_DIR;
		};
/* End PBXReferenceProxy section */

/* Begin PBXResourcesBuildPhase section */
		01A8FAEF260CF867000CE4FB /* Resources */ = {
			isa = PBXResourcesBuildPhase;
			buildActionMask = 2147483647;
			files = (
				01A8FB01260CF868000CE4FB /* LaunchScreen.storyboard in Resources */,
				01A8FBE1260D1251000CE4FB /* AdiHomeViewController.xib in Resources */,
				01A8FC5D260D5160000CE4FB /* ProductReviewsHeaderView.xib in Resources */,
				01978324260E097C00B2FE85 /* ReviewView.xib in Resources */,
				01A8FC36260D3743000CE4FB /* ProductDetailsViewController.xib in Resources */,
				0197837E260E787100B2FE85 /* Localizable.strings in Resources */,
				01A8FC04260D2613000CE4FB /* HomeProductTableViewCell.xib in Resources */,
				01A8FC70260D62D5000CE4FB /* ProductReviewTableViewCell.xib in Resources */,
				01A121FB260FD1AC00D5AC7D /* GoogleService-Info.plist in Resources */,
				01A8FC44260D3C86000CE4FB /* ProductDetailsHeaderView.xib in Resources */,
				01A8FAFE260CF868000CE4FB /* Assets.xcassets in Resources */,
			);
			runOnlyForDeploymentPostprocessing = 0;
		};
		01A8FB05260CF869000CE4FB /* Resources */ = {
			isa = PBXResourcesBuildPhase;
			buildActionMask = 2147483647;
			files = (
				01A121DA260F99DB00D5AC7D /* InvalidPostReviewResponse.json in Resources */,
				01A121C6260F8C6700D5AC7D /* InvalidAdiProducts.json in Resources */,
				01A121D4260F99AA00D5AC7D /* ValidPostReviewResponse.json in Resources */,
				01A121BF260F864000D5AC7D /* ValidAdiProducts.json in Resources */,
			);
			runOnlyForDeploymentPostprocessing = 0;
		};
		01A8FB10260CF869000CE4FB /* Resources */ = {
			isa = PBXResourcesBuildPhase;
			buildActionMask = 2147483647;
			files = (
			);
			runOnlyForDeploymentPostprocessing = 0;
		};
/* End PBXResourcesBuildPhase section */

/* Begin PBXShellScriptBuildPhase section */
		0A8B1471D2A81DDDA0B81F4F /* [CP] Embed Pods Frameworks */ = {
			isa = PBXShellScriptBuildPhase;
			buildActionMask = 2147483647;
			files = (
			);
			inputFileListPaths = (
				"${PODS_ROOT}/Target Support Files/Pods-AdiChallenge-AdiChallengeUITests/Pods-AdiChallenge-AdiChallengeUITests-frameworks-${CONFIGURATION}-input-files.xcfilelist",
			);
			name = "[CP] Embed Pods Frameworks";
			outputFileListPaths = (
				"${PODS_ROOT}/Target Support Files/Pods-AdiChallenge-AdiChallengeUITests/Pods-AdiChallenge-AdiChallengeUITests-frameworks-${CONFIGURATION}-output-files.xcfilelist",
			);
			runOnlyForDeploymentPostprocessing = 0;
			shellPath = /bin/sh;
			shellScript = "\"${PODS_ROOT}/Target Support Files/Pods-AdiChallenge-AdiChallengeUITests/Pods-AdiChallenge-AdiChallengeUITests-frameworks.sh\"\n";
			showEnvVarsInLog = 0;
		};
		A22037FF45066E19268C713D /* [CP] Embed Pods Frameworks */ = {
			isa = PBXShellScriptBuildPhase;
			buildActionMask = 2147483647;
			files = (
			);
			inputFileListPaths = (
				"${PODS_ROOT}/Target Support Files/Pods-AdiChallenge/Pods-AdiChallenge-frameworks-${CONFIGURATION}-input-files.xcfilelist",
			);
			name = "[CP] Embed Pods Frameworks";
			outputFileListPaths = (
				"${PODS_ROOT}/Target Support Files/Pods-AdiChallenge/Pods-AdiChallenge-frameworks-${CONFIGURATION}-output-files.xcfilelist",
			);
			runOnlyForDeploymentPostprocessing = 0;
			shellPath = /bin/sh;
			shellScript = "\"${PODS_ROOT}/Target Support Files/Pods-AdiChallenge/Pods-AdiChallenge-frameworks.sh\"\n";
			showEnvVarsInLog = 0;
		};
		A6F9A36D0B94106830E9825E /* [CP] Check Pods Manifest.lock */ = {
			isa = PBXShellScriptBuildPhase;
			buildActionMask = 2147483647;
			files = (
			);
			inputFileListPaths = (
			);
			inputPaths = (
				"${PODS_PODFILE_DIR_PATH}/Podfile.lock",
				"${PODS_ROOT}/Manifest.lock",
			);
			name = "[CP] Check Pods Manifest.lock";
			outputFileListPaths = (
			);
			outputPaths = (
				"$(DERIVED_FILE_DIR)/Pods-AdiChallenge-checkManifestLockResult.txt",
			);
			runOnlyForDeploymentPostprocessing = 0;
			shellPath = /bin/sh;
			shellScript = "diff \"${PODS_PODFILE_DIR_PATH}/Podfile.lock\" \"${PODS_ROOT}/Manifest.lock\" > /dev/null\nif [ $? != 0 ] ; then\n    # print error to STDERR\n    echo \"error: The sandbox is not in sync with the Podfile.lock. Run 'pod install' or update your CocoaPods installation.\" >&2\n    exit 1\nfi\n# This output is used by Xcode 'outputs' to avoid re-running this script phase.\necho \"SUCCESS\" > \"${SCRIPT_OUTPUT_FILE_0}\"\n";
			showEnvVarsInLog = 0;
		};
		B35A82691200491047B95EB5 /* [CP] Check Pods Manifest.lock */ = {
			isa = PBXShellScriptBuildPhase;
			buildActionMask = 2147483647;
			files = (
			);
			inputFileListPaths = (
			);
			inputPaths = (
				"${PODS_PODFILE_DIR_PATH}/Podfile.lock",
				"${PODS_ROOT}/Manifest.lock",
			);
			name = "[CP] Check Pods Manifest.lock";
			outputFileListPaths = (
			);
			outputPaths = (
				"$(DERIVED_FILE_DIR)/Pods-AdiChallengeTests-checkManifestLockResult.txt",
			);
			runOnlyForDeploymentPostprocessing = 0;
			shellPath = /bin/sh;
			shellScript = "diff \"${PODS_PODFILE_DIR_PATH}/Podfile.lock\" \"${PODS_ROOT}/Manifest.lock\" > /dev/null\nif [ $? != 0 ] ; then\n    # print error to STDERR\n    echo \"error: The sandbox is not in sync with the Podfile.lock. Run 'pod install' or update your CocoaPods installation.\" >&2\n    exit 1\nfi\n# This output is used by Xcode 'outputs' to avoid re-running this script phase.\necho \"SUCCESS\" > \"${SCRIPT_OUTPUT_FILE_0}\"\n";
			showEnvVarsInLog = 0;
		};
		C7780AC67B874BB5E61CCBF8 /* [CP] Check Pods Manifest.lock */ = {
			isa = PBXShellScriptBuildPhase;
			buildActionMask = 2147483647;
			files = (
			);
			inputFileListPaths = (
			);
			inputPaths = (
				"${PODS_PODFILE_DIR_PATH}/Podfile.lock",
				"${PODS_ROOT}/Manifest.lock",
			);
			name = "[CP] Check Pods Manifest.lock";
			outputFileListPaths = (
			);
			outputPaths = (
				"$(DERIVED_FILE_DIR)/Pods-AdiChallenge-AdiChallengeUITests-checkManifestLockResult.txt",
			);
			runOnlyForDeploymentPostprocessing = 0;
			shellPath = /bin/sh;
			shellScript = "diff \"${PODS_PODFILE_DIR_PATH}/Podfile.lock\" \"${PODS_ROOT}/Manifest.lock\" > /dev/null\nif [ $? != 0 ] ; then\n    # print error to STDERR\n    echo \"error: The sandbox is not in sync with the Podfile.lock. Run 'pod install' or update your CocoaPods installation.\" >&2\n    exit 1\nfi\n# This output is used by Xcode 'outputs' to avoid re-running this script phase.\necho \"SUCCESS\" > \"${SCRIPT_OUTPUT_FILE_0}\"\n";
			showEnvVarsInLog = 0;
		};
/* End PBXShellScriptBuildPhase section */

/* Begin PBXSourcesBuildPhase section */
		01A8FAED260CF867000CE4FB /* Sources */ = {
			isa = PBXSourcesBuildPhase;
			buildActionMask = 2147483647;
			files = (
				01A8FBA3260D02CD000CE4FB /* ProductDetailsCoordinator.swift in Sources */,
				01A8FBA7260D0326000CE4FB /* AdiNavigationBar.swift in Sources */,
				01A8FBB1260D0531000CE4FB /* MainScreenBuilder.swift in Sources */,
				01978363260E39C500B2FE85 /* UIViewController+KeyboardDismiss.swift in Sources */,
				01A8FC35260D3743000CE4FB /* ProductDetailsViewController.swift in Sources */,
				01A8FBEB260D1AD9000CE4FB /* Binder.swift in Sources */,
				01A8FB81260D01A4000CE4FB /* Coordinator.swift in Sources */,
				01A8FC09260D2832000CE4FB /* UITableView+Register..swift in Sources */,
				01A8FC51260D438A000CE4FB /* ZoomTransitionAnimator.swift in Sources */,
				01A8FBE7260D12A5000CE4FB /* AdiHomeViewModel.swift in Sources */,
				01A8FC25260D2EB3000CE4FB /* RequestFactory.swift in Sources */,
				01A8FC4B260D4380000CE4FB /* ZoomTransitionAnimating.swift in Sources */,
				01A8FC3E260D3C7A000CE4FB /* ProductDetailsHeaderView.swift in Sources */,
				01A8FB9D260D0282000CE4FB /* MainScreenCoordinator.swift in Sources */,
				01A8FC63260D516D000CE4FB /* ProductReviewsHeaderView.swift in Sources */,
				01A8FC6F260D62D5000CE4FB /* ProductReviewTableViewCell.swift in Sources */,
				01A8FBD6260D0EAE000CE4FB /* AdiImageView.swift in Sources */,
				01A8FC7B260D726C000CE4FB /* ProductPresentationModel.swift in Sources */,
				01A8FBBA260D05CA000CE4FB /* ProductDetailsBuilder.swift in Sources */,
				01A8FC77260D644B000CE4FB /* ProductDetailsViewModel.swift in Sources */,
				01A8FBF0260D2297000CE4FB /* Product.swift in Sources */,
				01978328260E099000B2FE85 /* ReviewView.swift in Sources */,
				01A8FC21260D2DCC000CE4FB /* HomeRepository.swift in Sources */,
				01978389260E7FD300B2FE85 /* UIViewController+Alert.swift in Sources */,
				01A8FC03260D2613000CE4FB /* HomeProductTableViewCell.swift in Sources */,
				01A8FB88260D01E0000CE4FB /* AppCoordinator.swift in Sources */,
				01978383260E79C600B2FE85 /* String+localized.swift in Sources */,
				01978368260E3BE200B2FE85 /* PostReview.swift in Sources */,
				01A8FAF5260CF867000CE4FB /* AppDelegate.swift in Sources */,
				01A8FBE0260D1251000CE4FB /* AdiHomeViewController.swift in Sources */,
				01A8FC2A260D2F04000CE4FB /* RemoteHomeDataSource.swift in Sources */,
				01A12220260FE5BE00D5AC7D /* CrashlyticsLogger.swift in Sources */,
				01A8FBC3260D07EA000CE4FB /* Constants.swift in Sources */,
			);
			runOnlyForDeploymentPostprocessing = 0;
		};
		01A8FB03260CF869000CE4FB /* Sources */ = {
			isa = PBXSourcesBuildPhase;
			buildActionMask = 2147483647;
			files = (
				01A121DE260F9A3E00D5AC7D /* MockedPostReview.swift in Sources */,
				01A8FB0C260CF869000CE4FB /* AdiChallengeHomeViewModelTests.swift in Sources */,
				01A121E2260F9ABD00D5AC7D /* AdiProductDetailsViewModelTests.swift in Sources */,
				01A121B8260F848100D5AC7D /* MockedRequestFactory.swift in Sources */,
				01A121B0260F813500D5AC7D /* MockedHomeRepository.swift in Sources */,
			);
			runOnlyForDeploymentPostprocessing = 0;
		};
		01A8FB0E260CF869000CE4FB /* Sources */ = {
			isa = PBXSourcesBuildPhase;
			buildActionMask = 2147483647;
			files = (
				01978398260EB40D00B2FE85 /* AdiChallengeProductDetailsUITests.swift in Sources */,
				01A8FB17260CF869000CE4FB /* AdiChallengeHomeScreenUITests.swift in Sources */,
			);
			runOnlyForDeploymentPostprocessing = 0;
		};
/* End PBXSourcesBuildPhase section */

/* Begin PBXTargetDependency section */
		01A8FB09260CF869000CE4FB /* PBXTargetDependency */ = {
			isa = PBXTargetDependency;
			target = 01A8FAF0260CF867000CE4FB /* AdiChallenge */;
			targetProxy = 01A8FB08260CF869000CE4FB /* PBXContainerItemProxy */;
		};
		01A8FB14260CF869000CE4FB /* PBXTargetDependency */ = {
			isa = PBXTargetDependency;
			target = 01A8FAF0260CF867000CE4FB /* AdiChallenge */;
			targetProxy = 01A8FB13260CF869000CE4FB /* PBXContainerItemProxy */;
		};
/* End PBXTargetDependency section */

/* Begin PBXVariantGroup section */
		01A8FAFF260CF868000CE4FB /* LaunchScreen.storyboard */ = {
			isa = PBXVariantGroup;
			children = (
				01A8FB00260CF868000CE4FB /* Base */,
			);
			name = LaunchScreen.storyboard;
			sourceTree = "<group>";
		};
/* End PBXVariantGroup section */

/* Begin XCBuildConfiguration section */
		01A8FB19260CF869000CE4FB /* Debug */ = {
			isa = XCBuildConfiguration;
			buildSettings = {
				ALWAYS_SEARCH_USER_PATHS = NO;
				CLANG_ANALYZER_NONNULL = YES;
				CLANG_ANALYZER_NUMBER_OBJECT_CONVERSION = YES_AGGRESSIVE;
				CLANG_CXX_LANGUAGE_STANDARD = "gnu++14";
				CLANG_CXX_LIBRARY = "libc++";
				CLANG_ENABLE_MODULES = YES;
				CLANG_ENABLE_OBJC_ARC = YES;
				CLANG_ENABLE_OBJC_WEAK = YES;
				CLANG_WARN_BLOCK_CAPTURE_AUTORELEASING = YES;
				CLANG_WARN_BOOL_CONVERSION = YES;
				CLANG_WARN_COMMA = YES;
				CLANG_WARN_CONSTANT_CONVERSION = YES;
				CLANG_WARN_DEPRECATED_OBJC_IMPLEMENTATIONS = YES;
				CLANG_WARN_DIRECT_OBJC_ISA_USAGE = YES_ERROR;
				CLANG_WARN_DOCUMENTATION_COMMENTS = YES;
				CLANG_WARN_EMPTY_BODY = YES;
				CLANG_WARN_ENUM_CONVERSION = YES;
				CLANG_WARN_INFINITE_RECURSION = YES;
				CLANG_WARN_INT_CONVERSION = YES;
				CLANG_WARN_NON_LITERAL_NULL_CONVERSION = YES;
				CLANG_WARN_OBJC_IMPLICIT_RETAIN_SELF = YES;
				CLANG_WARN_OBJC_LITERAL_CONVERSION = YES;
				CLANG_WARN_OBJC_ROOT_CLASS = YES_ERROR;
				CLANG_WARN_QUOTED_INCLUDE_IN_FRAMEWORK_HEADER = YES;
				CLANG_WARN_RANGE_LOOP_ANALYSIS = YES;
				CLANG_WARN_STRICT_PROTOTYPES = YES;
				CLANG_WARN_SUSPICIOUS_MOVE = YES;
				CLANG_WARN_UNGUARDED_AVAILABILITY = YES_AGGRESSIVE;
				CLANG_WARN_UNREACHABLE_CODE = YES;
				CLANG_WARN__DUPLICATE_METHOD_MATCH = YES;
				COPY_PHASE_STRIP = NO;
				DEBUG_INFORMATION_FORMAT = dwarf;
				ENABLE_STRICT_OBJC_MSGSEND = YES;
				ENABLE_TESTABILITY = YES;
				GCC_C_LANGUAGE_STANDARD = gnu11;
				GCC_DYNAMIC_NO_PIC = NO;
				GCC_NO_COMMON_BLOCKS = YES;
				GCC_OPTIMIZATION_LEVEL = 0;
				GCC_PREPROCESSOR_DEFINITIONS = (
					"DEBUG=1",
					"$(inherited)",
				);
				GCC_WARN_64_TO_32_BIT_CONVERSION = YES;
				GCC_WARN_ABOUT_RETURN_TYPE = YES_ERROR;
				GCC_WARN_UNDECLARED_SELECTOR = YES;
				GCC_WARN_UNINITIALIZED_AUTOS = YES_AGGRESSIVE;
				GCC_WARN_UNUSED_FUNCTION = YES;
				GCC_WARN_UNUSED_VARIABLE = YES;
				IPHONEOS_DEPLOYMENT_TARGET = 14.2;
				MTL_ENABLE_DEBUG_INFO = INCLUDE_SOURCE;
				MTL_FAST_MATH = YES;
				ONLY_ACTIVE_ARCH = YES;
				SDKROOT = iphoneos;
				SWIFT_ACTIVE_COMPILATION_CONDITIONS = DEBUG;
				SWIFT_OPTIMIZATION_LEVEL = "-Onone";
			};
			name = Debug;
		};
		01A8FB1A260CF869000CE4FB /* Release */ = {
			isa = XCBuildConfiguration;
			buildSettings = {
				ALWAYS_SEARCH_USER_PATHS = NO;
				CLANG_ANALYZER_NONNULL = YES;
				CLANG_ANALYZER_NUMBER_OBJECT_CONVERSION = YES_AGGRESSIVE;
				CLANG_CXX_LANGUAGE_STANDARD = "gnu++14";
				CLANG_CXX_LIBRARY = "libc++";
				CLANG_ENABLE_MODULES = YES;
				CLANG_ENABLE_OBJC_ARC = YES;
				CLANG_ENABLE_OBJC_WEAK = YES;
				CLANG_WARN_BLOCK_CAPTURE_AUTORELEASING = YES;
				CLANG_WARN_BOOL_CONVERSION = YES;
				CLANG_WARN_COMMA = YES;
				CLANG_WARN_CONSTANT_CONVERSION = YES;
				CLANG_WARN_DEPRECATED_OBJC_IMPLEMENTATIONS = YES;
				CLANG_WARN_DIRECT_OBJC_ISA_USAGE = YES_ERROR;
				CLANG_WARN_DOCUMENTATION_COMMENTS = YES;
				CLANG_WARN_EMPTY_BODY = YES;
				CLANG_WARN_ENUM_CONVERSION = YES;
				CLANG_WARN_INFINITE_RECURSION = YES;
				CLANG_WARN_INT_CONVERSION = YES;
				CLANG_WARN_NON_LITERAL_NULL_CONVERSION = YES;
				CLANG_WARN_OBJC_IMPLICIT_RETAIN_SELF = YES;
				CLANG_WARN_OBJC_LITERAL_CONVERSION = YES;
				CLANG_WARN_OBJC_ROOT_CLASS = YES_ERROR;
				CLANG_WARN_QUOTED_INCLUDE_IN_FRAMEWORK_HEADER = YES;
				CLANG_WARN_RANGE_LOOP_ANALYSIS = YES;
				CLANG_WARN_STRICT_PROTOTYPES = YES;
				CLANG_WARN_SUSPICIOUS_MOVE = YES;
				CLANG_WARN_UNGUARDED_AVAILABILITY = YES_AGGRESSIVE;
				CLANG_WARN_UNREACHABLE_CODE = YES;
				CLANG_WARN__DUPLICATE_METHOD_MATCH = YES;
				COPY_PHASE_STRIP = NO;
				DEBUG_INFORMATION_FORMAT = "dwarf-with-dsym";
				ENABLE_NS_ASSERTIONS = NO;
				ENABLE_STRICT_OBJC_MSGSEND = YES;
				GCC_C_LANGUAGE_STANDARD = gnu11;
				GCC_NO_COMMON_BLOCKS = YES;
				GCC_WARN_64_TO_32_BIT_CONVERSION = YES;
				GCC_WARN_ABOUT_RETURN_TYPE = YES_ERROR;
				GCC_WARN_UNDECLARED_SELECTOR = YES;
				GCC_WARN_UNINITIALIZED_AUTOS = YES_AGGRESSIVE;
				GCC_WARN_UNUSED_FUNCTION = YES;
				GCC_WARN_UNUSED_VARIABLE = YES;
				IPHONEOS_DEPLOYMENT_TARGET = 14.2;
				MTL_ENABLE_DEBUG_INFO = NO;
				MTL_FAST_MATH = YES;
				SDKROOT = iphoneos;
				SWIFT_COMPILATION_MODE = wholemodule;
				SWIFT_OPTIMIZATION_LEVEL = "-O";
				VALIDATE_PRODUCT = YES;
			};
			name = Release;
		};
		01A8FB1C260CF869000CE4FB /* Debug */ = {
			isa = XCBuildConfiguration;
			baseConfigurationReference = 18C17E1BFB7A62C834F3957C /* Pods-AdiChallenge.debug.xcconfig */;
			buildSettings = {
				ASSETCATALOG_COMPILER_APPICON_NAME = AppIcon;
				ASSETCATALOG_COMPILER_GLOBAL_ACCENT_COLOR_NAME = AccentColor;
				CODE_SIGN_STYLE = Automatic;
				DEVELOPMENT_TEAM = Z3D89T937N;
				INFOPLIST_FILE = AdiChallenge/Info.plist;
				IPHONEOS_DEPLOYMENT_TARGET = 12.0;
				LD_RUNPATH_SEARCH_PATHS = (
					"$(inherited)",
					"@executable_path/Frameworks",
				);
				PRODUCT_BUNDLE_IDENTIFIER = com.AdiChallenge.ios.AdiChallenge;
				PRODUCT_NAME = "$(TARGET_NAME)";
				SWIFT_VERSION = 5.0;
				TARGETED_DEVICE_FAMILY = "1,2";
			};
			name = Debug;
		};
		01A8FB1D260CF869000CE4FB /* Release */ = {
			isa = XCBuildConfiguration;
			baseConfigurationReference = 69932162E90D3C565424E247 /* Pods-AdiChallenge.release.xcconfig */;
			buildSettings = {
				ASSETCATALOG_COMPILER_APPICON_NAME = AppIcon;
				ASSETCATALOG_COMPILER_GLOBAL_ACCENT_COLOR_NAME = AccentColor;
				CODE_SIGN_STYLE = Automatic;
				DEVELOPMENT_TEAM = Z3D89T937N;
				INFOPLIST_FILE = AdiChallenge/Info.plist;
				IPHONEOS_DEPLOYMENT_TARGET = 12.0;
				LD_RUNPATH_SEARCH_PATHS = (
					"$(inherited)",
					"@executable_path/Frameworks",
				);
				PRODUCT_BUNDLE_IDENTIFIER = com.AdiChallenge.ios.AdiChallenge;
				PRODUCT_NAME = "$(TARGET_NAME)";
				SWIFT_VERSION = 5.0;
				TARGETED_DEVICE_FAMILY = "1,2";
			};
			name = Release;
		};
		01A8FB1F260CF869000CE4FB /* Debug */ = {
			isa = XCBuildConfiguration;
			baseConfigurationReference = 868B0B59E59F94DDC803CAA6 /* Pods-AdiChallengeTests.debug.xcconfig */;
			buildSettings = {
				ALWAYS_EMBED_SWIFT_STANDARD_LIBRARIES = YES;
				BUNDLE_LOADER = "$(TEST_HOST)";
				CODE_SIGN_STYLE = Automatic;
				DEVELOPMENT_TEAM = J685J65365;
				INFOPLIST_FILE = AdiChallengeTests/Info.plist;
				IPHONEOS_DEPLOYMENT_TARGET = 14.2;
				LD_RUNPATH_SEARCH_PATHS = (
					"$(inherited)",
					"@executable_path/Frameworks",
					"@loader_path/Frameworks",
				);
				PRODUCT_BUNDLE_IDENTIFIER = com.AdiChallenge.ios.AdiChallengeTests;
				PRODUCT_NAME = "$(TARGET_NAME)";
				SWIFT_VERSION = 5.0;
				TARGETED_DEVICE_FAMILY = "1,2";
				TEST_HOST = "$(BUILT_PRODUCTS_DIR)/AdiChallenge.app/AdiChallenge";
			};
			name = Debug;
		};
		01A8FB20260CF869000CE4FB /* Release */ = {
			isa = XCBuildConfiguration;
			baseConfigurationReference = F6FD13587AA477A581222226 /* Pods-AdiChallengeTests.release.xcconfig */;
			buildSettings = {
				ALWAYS_EMBED_SWIFT_STANDARD_LIBRARIES = YES;
				BUNDLE_LOADER = "$(TEST_HOST)";
				CODE_SIGN_STYLE = Automatic;
				DEVELOPMENT_TEAM = J685J65365;
				INFOPLIST_FILE = AdiChallengeTests/Info.plist;
				IPHONEOS_DEPLOYMENT_TARGET = 14.2;
				LD_RUNPATH_SEARCH_PATHS = (
					"$(inherited)",
					"@executable_path/Frameworks",
					"@loader_path/Frameworks",
				);
				PRODUCT_BUNDLE_IDENTIFIER = com.AdiChallenge.ios.AdiChallengeTests;
				PRODUCT_NAME = "$(TARGET_NAME)";
				SWIFT_VERSION = 5.0;
				TARGETED_DEVICE_FAMILY = "1,2";
				TEST_HOST = "$(BUILT_PRODUCTS_DIR)/AdiChallenge.app/AdiChallenge";
			};
			name = Release;
		};
		01A8FB22260CF869000CE4FB /* Debug */ = {
			isa = XCBuildConfiguration;
			baseConfigurationReference = 8D41AA84A3FAF4CC659F2218 /* Pods-AdiChallenge-AdiChallengeUITests.debug.xcconfig */;
			buildSettings = {
				ALWAYS_EMBED_SWIFT_STANDARD_LIBRARIES = YES;
				CODE_SIGN_STYLE = Automatic;
				DEVELOPMENT_TEAM = J685J65365;
				INFOPLIST_FILE = AdiChallengeUITests/Info.plist;
				LD_RUNPATH_SEARCH_PATHS = (
					"$(inherited)",
					"@executable_path/Frameworks",
					"@loader_path/Frameworks",
				);
				PRODUCT_BUNDLE_IDENTIFIER = com.AdiChallenge.ios.AdiChallengeUITests;
				PRODUCT_NAME = "$(TARGET_NAME)";
				SWIFT_VERSION = 5.0;
				TARGETED_DEVICE_FAMILY = "1,2";
				TEST_TARGET_NAME = AdiChallenge;
			};
			name = Debug;
		};
		01A8FB23260CF869000CE4FB /* Release */ = {
			isa = XCBuildConfiguration;
			baseConfigurationReference = EEF1B26F675B03862EEB7921 /* Pods-AdiChallenge-AdiChallengeUITests.release.xcconfig */;
			buildSettings = {
				ALWAYS_EMBED_SWIFT_STANDARD_LIBRARIES = YES;
				CODE_SIGN_STYLE = Automatic;
				DEVELOPMENT_TEAM = J685J65365;
				INFOPLIST_FILE = AdiChallengeUITests/Info.plist;
				LD_RUNPATH_SEARCH_PATHS = (
					"$(inherited)",
					"@executable_path/Frameworks",
					"@loader_path/Frameworks",
				);
				PRODUCT_BUNDLE_IDENTIFIER = com.AdiChallenge.ios.AdiChallengeUITests;
				PRODUCT_NAME = "$(TARGET_NAME)";
				SWIFT_VERSION = 5.0;
				TARGETED_DEVICE_FAMILY = "1,2";
				TEST_TARGET_NAME = AdiChallenge;
			};
			name = Release;
		};
/* End XCBuildConfiguration section */

/* Begin XCConfigurationList section */
		01A8FAEC260CF867000CE4FB /* Build configuration list for PBXProject "AdiChallenge" */ = {
			isa = XCConfigurationList;
			buildConfigurations = (
				01A8FB19260CF869000CE4FB /* Debug */,
				01A8FB1A260CF869000CE4FB /* Release */,
			);
			defaultConfigurationIsVisible = 0;
			defaultConfigurationName = Release;
		};
		01A8FB1B260CF869000CE4FB /* Build configuration list for PBXNativeTarget "AdiChallenge" */ = {
			isa = XCConfigurationList;
			buildConfigurations = (
				01A8FB1C260CF869000CE4FB /* Debug */,
				01A8FB1D260CF869000CE4FB /* Release */,
			);
			defaultConfigurationIsVisible = 0;
			defaultConfigurationName = Release;
		};
		01A8FB1E260CF869000CE4FB /* Build configuration list for PBXNativeTarget "AdiChallengeTests" */ = {
			isa = XCConfigurationList;
			buildConfigurations = (
				01A8FB1F260CF869000CE4FB /* Debug */,
				01A8FB20260CF869000CE4FB /* Release */,
			);
			defaultConfigurationIsVisible = 0;
			defaultConfigurationName = Release;
		};
		01A8FB21260CF869000CE4FB /* Build configuration list for PBXNativeTarget "AdiChallengeUITests" */ = {
			isa = XCConfigurationList;
			buildConfigurations = (
				01A8FB22260CF869000CE4FB /* Debug */,
				01A8FB23260CF869000CE4FB /* Release */,
			);
			defaultConfigurationIsVisible = 0;
			defaultConfigurationName = Release;
		};
/* End XCConfigurationList section */
	};
	rootObject = 01A8FAE9260CF866000CE4FB /* Project object */;
}
